{
  "about.md:fr": "21a6fbd4d1f19bade3d659369019e5c3315e0301c25f5fabf6156e1fc20cac9e",
  "blog/2024/january/hello.md:fr": "a2e43e675ccaf0e087c84e95845990a0bea6d469da4ba5f50d90208eabf6f0b3",
  "blog/2024/march/getting-started.md:fr": "21a6fbd4d1f19bade3d659369019e5c3315e0301c25f5fabf6156e1fc20cac9e",
  "pages/about.md:fr": "12e10ba127413490773bc06475313089db61bc9a8a812807360688bbb6034bfb",
  "posts/code.md:fr": "c611840bb4aed62d9e6ee4d954387ebf158b7f56eea9d4571c9c9d59057061f8",
  "posts/getting-started.md:fr": "788c7ceaf4eb3918d1e67bfb60af596d75e0fad5c26533fbc63ecaba47a7a51c",
  "posts/hello.en.md:fr": "a2e43e675ccaf0e087c84e95845990a0bea6d469da4ba5f50d90208eabf6f0b3",
  "posts/hello.md:de": "a2e43e675ccaf0e087c84e95845990a0bea6d469da4ba5f50d90208eabf6f0b3",
  "posts/hello.md:fr": "a2e43e675ccaf0e087c84e95845990a0bea6d469da4ba5f50d90208eabf6f0b3",
  "posts/hello.md:ja": "21a6fbd4d1f19bade3d659369019e5c3315e0301c25f5fabf6156e1fc20cac9e",
  "posts/my-post/index.md:fr": "21a6fbd4d1f19bade3d659369019e5c3315e0301c25f5fabf6156e1fc20cac9e",
  "posts/toml-test.md:fr": "9dd468a6b81bf8ade8dc2423898aba576584c857a96f3461099aaeadacdc5f80"
}
