{
  "name": "i18n-rosetta",
  "version": "3.2.0",
  "lockfileVersion": 3,
  "requires": true,
  "packages": {
    "": {
      "name": "i18n-rosetta",
      "version": "3.2.0",
      "license": "MIT",
      "bin": {
        "i18n-rosetta": "bin/cli.js"
      },
      "engines": {
        "node": ">=20.11.0"
      }
    }
  }
}
