{
  "name": "i18n-rosetta",
  "version": "3.3.1",
  "lockfileVersion": 3,
  "requires": true,
  "packages": {
    "": {
      "name": "i18n-rosetta",
      "version": "3.3.1",
      "license": "MIT",
      "bin": {
        "i18n-rosetta": "bin/cli.js"
      },
      "devDependencies": {
        "cldr-core": "^48.2.0",
        "cldr-misc-full": "^48.2.0"
      },
      "engines": {
        "node": ">=20.11.0"
      }
    },
    "node_modules/cldr-core": {
      "version": "48.2.0",
      "resolved": "https://registry.npmjs.org/cldr-core/-/cldr-core-48.2.0.tgz",
      "integrity": "sha512-zfmLothncSwfv2jlevoSrgI2VGgH8SDGHXst6jUEotHA8nq9Igeg9jzdJDFtBso9pgJuG89DK16TzrmZDdo2Bg==",
      "dev": true,
      "license": "Unicode-3.0"
    },
    "node_modules/cldr-misc-full": {
      "version": "48.2.0",
      "resolved": "https://registry.npmjs.org/cldr-misc-full/-/cldr-misc-full-48.2.0.tgz",
      "integrity": "sha512-dSc2Tr53dQcUGwsTinamEeoP2YXOhQrIZ+SyeuUrv4MzJOSjT/Q0qkSmX11ZwfcTbYSkIqbrgALQLhAm1yf5fA==",
      "dev": true,
      "license": "Unicode-3.0",
      "peerDependencies": {
        "cldr-core": "48.2.0"
      }
    }
  }
}
