{
  "docusaurus:blog/2026-04-01-v3-release.md:ar": "cec7f80ac5674dbd1c4ca3189de31d000bacbd1b7478252bbc73e11e69e3b019",
  "docusaurus:blog/2026-04-01-v3-release.md:de": "cec7f80ac5674dbd1c4ca3189de31d000bacbd1b7478252bbc73e11e69e3b019",
  "docusaurus:blog/2026-04-01-v3-release.md:es": "cec7f80ac5674dbd1c4ca3189de31d000bacbd1b7478252bbc73e11e69e3b019",
  "docusaurus:blog/2026-04-01-v3-release.md:fil": "cec7f80ac5674dbd1c4ca3189de31d000bacbd1b7478252bbc73e11e69e3b019",
  "docusaurus:blog/2026-04-01-v3-release.md:fr": "cec7f80ac5674dbd1c4ca3189de31d000bacbd1b7478252bbc73e11e69e3b019",
  "docusaurus:blog/2026-04-01-v3-release.md:ja": "cec7f80ac5674dbd1c4ca3189de31d000bacbd1b7478252bbc73e11e69e3b019",
  "docusaurus:blog/2026-04-01-v3-release.md:ko": "cec7f80ac5674dbd1c4ca3189de31d000bacbd1b7478252bbc73e11e69e3b019",
  "docusaurus:blog/2026-04-01-v3-release.md:nl": "cec7f80ac5674dbd1c4ca3189de31d000bacbd1b7478252bbc73e11e69e3b019",
  "docusaurus:blog/2026-04-01-v3-release.md:pt": "cec7f80ac5674dbd1c4ca3189de31d000bacbd1b7478252bbc73e11e69e3b019",
  "docusaurus:blog/2026-04-01-v3-release.md:th": "cec7f80ac5674dbd1c4ca3189de31d000bacbd1b7478252bbc73e11e69e3b019",
  "docusaurus:blog/2026-04-01-v3-release.md:vi": "cec7f80ac5674dbd1c4ca3189de31d000bacbd1b7478252bbc73e11e69e3b019",
  "docusaurus:blog/2026-04-01-v3-release.md:zh": "cec7f80ac5674dbd1c4ca3189de31d000bacbd1b7478252bbc73e11e69e3b019",
  "docusaurus:blog/2026-04-15-v3-1-content-translation.md:ar": "54e03773e15ca2639e927efaad88fd27eea67dddfc80e44b878682319c89e967",
  "docusaurus:blog/2026-04-15-v3-1-content-translation.md:de": "54e03773e15ca2639e927efaad88fd27eea67dddfc80e44b878682319c89e967",
  "docusaurus:blog/2026-04-15-v3-1-content-translation.md:es": "54e03773e15ca2639e927efaad88fd27eea67dddfc80e44b878682319c89e967",
  "docusaurus:blog/2026-04-15-v3-1-content-translation.md:fil": "54e03773e15ca2639e927efaad88fd27eea67dddfc80e44b878682319c89e967",
  "docusaurus:blog/2026-04-15-v3-1-content-translation.md:fr": "54e03773e15ca2639e927efaad88fd27eea67dddfc80e44b878682319c89e967",
  "docusaurus:blog/2026-04-15-v3-1-content-translation.md:ja": "54e03773e15ca2639e927efaad88fd27eea67dddfc80e44b878682319c89e967",
  "docusaurus:blog/2026-04-15-v3-1-content-translation.md:ko": "54e03773e15ca2639e927efaad88fd27eea67dddfc80e44b878682319c89e967",
  "docusaurus:blog/2026-04-15-v3-1-content-translation.md:nl": "54e03773e15ca2639e927efaad88fd27eea67dddfc80e44b878682319c89e967",
  "docusaurus:blog/2026-04-15-v3-1-content-translation.md:pt": "54e03773e15ca2639e927efaad88fd27eea67dddfc80e44b878682319c89e967",
  "docusaurus:blog/2026-04-15-v3-1-content-translation.md:th": "54e03773e15ca2639e927efaad88fd27eea67dddfc80e44b878682319c89e967",
  "docusaurus:blog/2026-04-15-v3-1-content-translation.md:vi": "54e03773e15ca2639e927efaad88fd27eea67dddfc80e44b878682319c89e967",
  "docusaurus:blog/2026-04-15-v3-1-content-translation.md:zh": "54e03773e15ca2639e927efaad88fd27eea67dddfc80e44b878682319c89e967",
  "docusaurus:blog/2026-05-14-v3-2-quality-infrastructure.md:ar": "eed417466902b2d14568fa94dd9e6cf4332e24485aaf10aee4627537caa1e513",
  "docusaurus:blog/2026-05-14-v3-2-quality-infrastructure.md:de": "eed417466902b2d14568fa94dd9e6cf4332e24485aaf10aee4627537caa1e513",
  "docusaurus:blog/2026-05-14-v3-2-quality-infrastructure.md:es": "eed417466902b2d14568fa94dd9e6cf4332e24485aaf10aee4627537caa1e513",
  "docusaurus:blog/2026-05-14-v3-2-quality-infrastructure.md:fil": "eed417466902b2d14568fa94dd9e6cf4332e24485aaf10aee4627537caa1e513",
  "docusaurus:blog/2026-05-14-v3-2-quality-infrastructure.md:fr": "eed417466902b2d14568fa94dd9e6cf4332e24485aaf10aee4627537caa1e513",
  "docusaurus:blog/2026-05-14-v3-2-quality-infrastructure.md:ja": "eed417466902b2d14568fa94dd9e6cf4332e24485aaf10aee4627537caa1e513",
  "docusaurus:blog/2026-05-14-v3-2-quality-infrastructure.md:ko": "eed417466902b2d14568fa94dd9e6cf4332e24485aaf10aee4627537caa1e513",
  "docusaurus:blog/2026-05-14-v3-2-quality-infrastructure.md:nl": "eed417466902b2d14568fa94dd9e6cf4332e24485aaf10aee4627537caa1e513",
  "docusaurus:blog/2026-05-14-v3-2-quality-infrastructure.md:pt": "eed417466902b2d14568fa94dd9e6cf4332e24485aaf10aee4627537caa1e513",
  "docusaurus:blog/2026-05-14-v3-2-quality-infrastructure.md:th": "eed417466902b2d14568fa94dd9e6cf4332e24485aaf10aee4627537caa1e513",
  "docusaurus:blog/2026-05-14-v3-2-quality-infrastructure.md:vi": "eed417466902b2d14568fa94dd9e6cf4332e24485aaf10aee4627537caa1e513",
  "docusaurus:blog/2026-05-14-v3-2-quality-infrastructure.md:zh": "eed417466902b2d14568fa94dd9e6cf4332e24485aaf10aee4627537caa1e513",
  "docusaurus:docs/concepts/architecture.md:ar": "78376307f2d22f6595f2559c7d4065c4f9e0b48a902e998bd1a1cc7ea712aaa5",
  "docusaurus:docs/concepts/architecture.md:de": "78376307f2d22f6595f2559c7d4065c4f9e0b48a902e998bd1a1cc7ea712aaa5",
  "docusaurus:docs/concepts/architecture.md:es": "78376307f2d22f6595f2559c7d4065c4f9e0b48a902e998bd1a1cc7ea712aaa5",
  "docusaurus:docs/concepts/architecture.md:fil": "78376307f2d22f6595f2559c7d4065c4f9e0b48a902e998bd1a1cc7ea712aaa5",
  "docusaurus:docs/concepts/architecture.md:fr": "78376307f2d22f6595f2559c7d4065c4f9e0b48a902e998bd1a1cc7ea712aaa5",
  "docusaurus:docs/concepts/architecture.md:ja": "78376307f2d22f6595f2559c7d4065c4f9e0b48a902e998bd1a1cc7ea712aaa5",
  "docusaurus:docs/concepts/architecture.md:ko": "78376307f2d22f6595f2559c7d4065c4f9e0b48a902e998bd1a1cc7ea712aaa5",
  "docusaurus:docs/concepts/architecture.md:nl": "78376307f2d22f6595f2559c7d4065c4f9e0b48a902e998bd1a1cc7ea712aaa5",
  "docusaurus:docs/concepts/architecture.md:pt": "78376307f2d22f6595f2559c7d4065c4f9e0b48a902e998bd1a1cc7ea712aaa5",
  "docusaurus:docs/concepts/architecture.md:th": "78376307f2d22f6595f2559c7d4065c4f9e0b48a902e998bd1a1cc7ea712aaa5",
  "docusaurus:docs/concepts/architecture.md:vi": "78376307f2d22f6595f2559c7d4065c4f9e0b48a902e998bd1a1cc7ea712aaa5",
  "docusaurus:docs/concepts/architecture.md:zh": "78376307f2d22f6595f2559c7d4065c4f9e0b48a902e998bd1a1cc7ea712aaa5",
  "docusaurus:docs/concepts/coaching-data.md:ar": "eafbe279d7ea94d6868fca9a72f923e6dcea84323a9917e5707860fa49660728",
  "docusaurus:docs/concepts/coaching-data.md:de": "eafbe279d7ea94d6868fca9a72f923e6dcea84323a9917e5707860fa49660728",
  "docusaurus:docs/concepts/coaching-data.md:es": "eafbe279d7ea94d6868fca9a72f923e6dcea84323a9917e5707860fa49660728",
  "docusaurus:docs/concepts/coaching-data.md:fil": "eafbe279d7ea94d6868fca9a72f923e6dcea84323a9917e5707860fa49660728",
  "docusaurus:docs/concepts/coaching-data.md:fr": "eafbe279d7ea94d6868fca9a72f923e6dcea84323a9917e5707860fa49660728",
  "docusaurus:docs/concepts/coaching-data.md:ja": "eafbe279d7ea94d6868fca9a72f923e6dcea84323a9917e5707860fa49660728",
  "docusaurus:docs/concepts/coaching-data.md:ko": "eafbe279d7ea94d6868fca9a72f923e6dcea84323a9917e5707860fa49660728",
  "docusaurus:docs/concepts/coaching-data.md:nl": "eafbe279d7ea94d6868fca9a72f923e6dcea84323a9917e5707860fa49660728",
  "docusaurus:docs/concepts/coaching-data.md:pt": "eafbe279d7ea94d6868fca9a72f923e6dcea84323a9917e5707860fa49660728",
  "docusaurus:docs/concepts/coaching-data.md:th": "eafbe279d7ea94d6868fca9a72f923e6dcea84323a9917e5707860fa49660728",
  "docusaurus:docs/concepts/coaching-data.md:vi": "eafbe279d7ea94d6868fca9a72f923e6dcea84323a9917e5707860fa49660728",
  "docusaurus:docs/concepts/coaching-data.md:zh": "eafbe279d7ea94d6868fca9a72f923e6dcea84323a9917e5707860fa49660728",
  "docusaurus:docs/concepts/how-sync-works.md:ar": "ce89b47f40f19856e521a5cfc8a85ce414b48c3a9313cbc34c5b18e771ba4582",
  "docusaurus:docs/concepts/how-sync-works.md:de": "ce89b47f40f19856e521a5cfc8a85ce414b48c3a9313cbc34c5b18e771ba4582",
  "docusaurus:docs/concepts/how-sync-works.md:es": "ce89b47f40f19856e521a5cfc8a85ce414b48c3a9313cbc34c5b18e771ba4582",
  "docusaurus:docs/concepts/how-sync-works.md:fil": "ce89b47f40f19856e521a5cfc8a85ce414b48c3a9313cbc34c5b18e771ba4582",
  "docusaurus:docs/concepts/how-sync-works.md:fr": "ce89b47f40f19856e521a5cfc8a85ce414b48c3a9313cbc34c5b18e771ba4582",
  "docusaurus:docs/concepts/how-sync-works.md:ja": "ce89b47f40f19856e521a5cfc8a85ce414b48c3a9313cbc34c5b18e771ba4582",
  "docusaurus:docs/concepts/how-sync-works.md:ko": "ce89b47f40f19856e521a5cfc8a85ce414b48c3a9313cbc34c5b18e771ba4582",
  "docusaurus:docs/concepts/how-sync-works.md:nl": "ce89b47f40f19856e521a5cfc8a85ce414b48c3a9313cbc34c5b18e771ba4582",
  "docusaurus:docs/concepts/how-sync-works.md:pt": "ce89b47f40f19856e521a5cfc8a85ce414b48c3a9313cbc34c5b18e771ba4582",
  "docusaurus:docs/concepts/how-sync-works.md:th": "ce89b47f40f19856e521a5cfc8a85ce414b48c3a9313cbc34c5b18e771ba4582",
  "docusaurus:docs/concepts/how-sync-works.md:vi": "ce89b47f40f19856e521a5cfc8a85ce414b48c3a9313cbc34c5b18e771ba4582",
  "docusaurus:docs/concepts/how-sync-works.md:zh": "ce89b47f40f19856e521a5cfc8a85ce414b48c3a9313cbc34c5b18e771ba4582",
  "docusaurus:docs/concepts/quality-gate.md:ar": "4b95c6bc1d0fe3bebf46baeedfc8042a16a1640b76d146e0d7fad483fba04e4c",
  "docusaurus:docs/concepts/quality-gate.md:de": "4b95c6bc1d0fe3bebf46baeedfc8042a16a1640b76d146e0d7fad483fba04e4c",
  "docusaurus:docs/concepts/quality-gate.md:es": "4b95c6bc1d0fe3bebf46baeedfc8042a16a1640b76d146e0d7fad483fba04e4c",
  "docusaurus:docs/concepts/quality-gate.md:fil": "4b95c6bc1d0fe3bebf46baeedfc8042a16a1640b76d146e0d7fad483fba04e4c",
  "docusaurus:docs/concepts/quality-gate.md:fr": "4b95c6bc1d0fe3bebf46baeedfc8042a16a1640b76d146e0d7fad483fba04e4c",
  "docusaurus:docs/concepts/quality-gate.md:ja": "4b95c6bc1d0fe3bebf46baeedfc8042a16a1640b76d146e0d7fad483fba04e4c",
  "docusaurus:docs/concepts/quality-gate.md:ko": "4b95c6bc1d0fe3bebf46baeedfc8042a16a1640b76d146e0d7fad483fba04e4c",
  "docusaurus:docs/concepts/quality-gate.md:nl": "4b95c6bc1d0fe3bebf46baeedfc8042a16a1640b76d146e0d7fad483fba04e4c",
  "docusaurus:docs/concepts/quality-gate.md:pt": "4b95c6bc1d0fe3bebf46baeedfc8042a16a1640b76d146e0d7fad483fba04e4c",
  "docusaurus:docs/concepts/quality-gate.md:th": "4b95c6bc1d0fe3bebf46baeedfc8042a16a1640b76d146e0d7fad483fba04e4c",
  "docusaurus:docs/concepts/quality-gate.md:vi": "4b95c6bc1d0fe3bebf46baeedfc8042a16a1640b76d146e0d7fad483fba04e4c",
  "docusaurus:docs/concepts/quality-gate.md:zh": "4b95c6bc1d0fe3bebf46baeedfc8042a16a1640b76d146e0d7fad483fba04e4c",
  "docusaurus:docs/concepts/script-converters.md:ar": "ea21e23081f82c070295ecd9b7fb7f1dd887fed146bed70c864305a3ee5c176e",
  "docusaurus:docs/concepts/script-converters.md:de": "ea21e23081f82c070295ecd9b7fb7f1dd887fed146bed70c864305a3ee5c176e",
  "docusaurus:docs/concepts/script-converters.md:es": "ea21e23081f82c070295ecd9b7fb7f1dd887fed146bed70c864305a3ee5c176e",
  "docusaurus:docs/concepts/script-converters.md:fil": "ea21e23081f82c070295ecd9b7fb7f1dd887fed146bed70c864305a3ee5c176e",
  "docusaurus:docs/concepts/script-converters.md:fr": "ea21e23081f82c070295ecd9b7fb7f1dd887fed146bed70c864305a3ee5c176e",
  "docusaurus:docs/concepts/script-converters.md:ja": "ea21e23081f82c070295ecd9b7fb7f1dd887fed146bed70c864305a3ee5c176e",
  "docusaurus:docs/concepts/script-converters.md:ko": "ea21e23081f82c070295ecd9b7fb7f1dd887fed146bed70c864305a3ee5c176e",
  "docusaurus:docs/concepts/script-converters.md:nl": "ea21e23081f82c070295ecd9b7fb7f1dd887fed146bed70c864305a3ee5c176e",
  "docusaurus:docs/concepts/script-converters.md:pt": "ea21e23081f82c070295ecd9b7fb7f1dd887fed146bed70c864305a3ee5c176e",
  "docusaurus:docs/concepts/script-converters.md:th": "ea21e23081f82c070295ecd9b7fb7f1dd887fed146bed70c864305a3ee5c176e",
  "docusaurus:docs/concepts/script-converters.md:vi": "ea21e23081f82c070295ecd9b7fb7f1dd887fed146bed70c864305a3ee5c176e",
  "docusaurus:docs/concepts/script-converters.md:zh": "ea21e23081f82c070295ecd9b7fb7f1dd887fed146bed70c864305a3ee5c176e",
  "docusaurus:docs/concepts/security.md:ar": "9887921c4fd6caa5a0da8f87c64027d8cc9b99540ab8c2761586bcfd31808283",
  "docusaurus:docs/concepts/security.md:de": "9887921c4fd6caa5a0da8f87c64027d8cc9b99540ab8c2761586bcfd31808283",
  "docusaurus:docs/concepts/security.md:es": "9887921c4fd6caa5a0da8f87c64027d8cc9b99540ab8c2761586bcfd31808283",
  "docusaurus:docs/concepts/security.md:fil": "9887921c4fd6caa5a0da8f87c64027d8cc9b99540ab8c2761586bcfd31808283",
  "docusaurus:docs/concepts/security.md:fr": "9887921c4fd6caa5a0da8f87c64027d8cc9b99540ab8c2761586bcfd31808283",
  "docusaurus:docs/concepts/security.md:ja": "9887921c4fd6caa5a0da8f87c64027d8cc9b99540ab8c2761586bcfd31808283",
  "docusaurus:docs/concepts/security.md:ko": "9887921c4fd6caa5a0da8f87c64027d8cc9b99540ab8c2761586bcfd31808283",
  "docusaurus:docs/concepts/security.md:nl": "9887921c4fd6caa5a0da8f87c64027d8cc9b99540ab8c2761586bcfd31808283",
  "docusaurus:docs/concepts/security.md:pt": "9887921c4fd6caa5a0da8f87c64027d8cc9b99540ab8c2761586bcfd31808283",
  "docusaurus:docs/concepts/security.md:th": "9887921c4fd6caa5a0da8f87c64027d8cc9b99540ab8c2761586bcfd31808283",
  "docusaurus:docs/concepts/security.md:vi": "9887921c4fd6caa5a0da8f87c64027d8cc9b99540ab8c2761586bcfd31808283",
  "docusaurus:docs/concepts/security.md:zh": "9887921c4fd6caa5a0da8f87c64027d8cc9b99540ab8c2761586bcfd31808283",
  "docusaurus:docs/eval/datasets.md:ar": "1043e1b3219b72e6196e1052022fe1840c8c7c6a92f17b30e526424645e0f253",
  "docusaurus:docs/eval/datasets.md:de": "1043e1b3219b72e6196e1052022fe1840c8c7c6a92f17b30e526424645e0f253",
  "docusaurus:docs/eval/datasets.md:es": "1043e1b3219b72e6196e1052022fe1840c8c7c6a92f17b30e526424645e0f253",
  "docusaurus:docs/eval/datasets.md:fil": "1043e1b3219b72e6196e1052022fe1840c8c7c6a92f17b30e526424645e0f253",
  "docusaurus:docs/eval/datasets.md:fr": "1043e1b3219b72e6196e1052022fe1840c8c7c6a92f17b30e526424645e0f253",
  "docusaurus:docs/eval/datasets.md:ja": "1043e1b3219b72e6196e1052022fe1840c8c7c6a92f17b30e526424645e0f253",
  "docusaurus:docs/eval/datasets.md:ko": "1043e1b3219b72e6196e1052022fe1840c8c7c6a92f17b30e526424645e0f253",
  "docusaurus:docs/eval/datasets.md:nl": "1043e1b3219b72e6196e1052022fe1840c8c7c6a92f17b30e526424645e0f253",
  "docusaurus:docs/eval/datasets.md:pt": "1043e1b3219b72e6196e1052022fe1840c8c7c6a92f17b30e526424645e0f253",
  "docusaurus:docs/eval/datasets.md:th": "1043e1b3219b72e6196e1052022fe1840c8c7c6a92f17b30e526424645e0f253",
  "docusaurus:docs/eval/datasets.md:vi": "1043e1b3219b72e6196e1052022fe1840c8c7c6a92f17b30e526424645e0f253",
  "docusaurus:docs/eval/datasets.md:zh": "1043e1b3219b72e6196e1052022fe1840c8c7c6a92f17b30e526424645e0f253",
  "docusaurus:docs/eval/harness.md:ar": "6dd61742d1ffd113079a6184a41c070042d03523e79bd1c9981559f5730106f9",
  "docusaurus:docs/eval/harness.md:de": "6dd61742d1ffd113079a6184a41c070042d03523e79bd1c9981559f5730106f9",
  "docusaurus:docs/eval/harness.md:es": "6dd61742d1ffd113079a6184a41c070042d03523e79bd1c9981559f5730106f9",
  "docusaurus:docs/eval/harness.md:fil": "6dd61742d1ffd113079a6184a41c070042d03523e79bd1c9981559f5730106f9",
  "docusaurus:docs/eval/harness.md:fr": "6dd61742d1ffd113079a6184a41c070042d03523e79bd1c9981559f5730106f9",
  "docusaurus:docs/eval/harness.md:ja": "6dd61742d1ffd113079a6184a41c070042d03523e79bd1c9981559f5730106f9",
  "docusaurus:docs/eval/harness.md:ko": "6dd61742d1ffd113079a6184a41c070042d03523e79bd1c9981559f5730106f9",
  "docusaurus:docs/eval/harness.md:nl": "6dd61742d1ffd113079a6184a41c070042d03523e79bd1c9981559f5730106f9",
  "docusaurus:docs/eval/harness.md:pt": "6dd61742d1ffd113079a6184a41c070042d03523e79bd1c9981559f5730106f9",
  "docusaurus:docs/eval/harness.md:th": "6dd61742d1ffd113079a6184a41c070042d03523e79bd1c9981559f5730106f9",
  "docusaurus:docs/eval/harness.md:vi": "6dd61742d1ffd113079a6184a41c070042d03523e79bd1c9981559f5730106f9",
  "docusaurus:docs/eval/harness.md:zh": "6dd61742d1ffd113079a6184a41c070042d03523e79bd1c9981559f5730106f9",
  "docusaurus:docs/eval/index.md:ar": "4a8becd2281beb6ff8b18700f9ad8ec05050e3d9f1771f30859913b7f643fba5",
  "docusaurus:docs/eval/index.md:de": "4a8becd2281beb6ff8b18700f9ad8ec05050e3d9f1771f30859913b7f643fba5",
  "docusaurus:docs/eval/index.md:es": "4a8becd2281beb6ff8b18700f9ad8ec05050e3d9f1771f30859913b7f643fba5",
  "docusaurus:docs/eval/index.md:fil": "4a8becd2281beb6ff8b18700f9ad8ec05050e3d9f1771f30859913b7f643fba5",
  "docusaurus:docs/eval/index.md:fr": "4a8becd2281beb6ff8b18700f9ad8ec05050e3d9f1771f30859913b7f643fba5",
  "docusaurus:docs/eval/index.md:ja": "4a8becd2281beb6ff8b18700f9ad8ec05050e3d9f1771f30859913b7f643fba5",
  "docusaurus:docs/eval/index.md:ko": "4a8becd2281beb6ff8b18700f9ad8ec05050e3d9f1771f30859913b7f643fba5",
  "docusaurus:docs/eval/index.md:nl": "4a8becd2281beb6ff8b18700f9ad8ec05050e3d9f1771f30859913b7f643fba5",
  "docusaurus:docs/eval/index.md:pt": "4a8becd2281beb6ff8b18700f9ad8ec05050e3d9f1771f30859913b7f643fba5",
  "docusaurus:docs/eval/index.md:th": "4a8becd2281beb6ff8b18700f9ad8ec05050e3d9f1771f30859913b7f643fba5",
  "docusaurus:docs/eval/index.md:vi": "4a8becd2281beb6ff8b18700f9ad8ec05050e3d9f1771f30859913b7f643fba5",
  "docusaurus:docs/eval/index.md:zh": "4a8becd2281beb6ff8b18700f9ad8ec05050e3d9f1771f30859913b7f643fba5",
  "docusaurus:docs/eval/methods.md:ar": "945760e4dea30dfa15e04ea9b1b8de9f8de5d72defd8c3ec9fe7d2fbbbd4ea69",
  "docusaurus:docs/eval/methods.md:de": "945760e4dea30dfa15e04ea9b1b8de9f8de5d72defd8c3ec9fe7d2fbbbd4ea69",
  "docusaurus:docs/eval/methods.md:es": "945760e4dea30dfa15e04ea9b1b8de9f8de5d72defd8c3ec9fe7d2fbbbd4ea69",
  "docusaurus:docs/eval/methods.md:fil": "945760e4dea30dfa15e04ea9b1b8de9f8de5d72defd8c3ec9fe7d2fbbbd4ea69",
  "docusaurus:docs/eval/methods.md:fr": "945760e4dea30dfa15e04ea9b1b8de9f8de5d72defd8c3ec9fe7d2fbbbd4ea69",
  "docusaurus:docs/eval/methods.md:ja": "945760e4dea30dfa15e04ea9b1b8de9f8de5d72defd8c3ec9fe7d2fbbbd4ea69",
  "docusaurus:docs/eval/methods.md:ko": "945760e4dea30dfa15e04ea9b1b8de9f8de5d72defd8c3ec9fe7d2fbbbd4ea69",
  "docusaurus:docs/eval/methods.md:nl": "945760e4dea30dfa15e04ea9b1b8de9f8de5d72defd8c3ec9fe7d2fbbbd4ea69",
  "docusaurus:docs/eval/methods.md:pt": "945760e4dea30dfa15e04ea9b1b8de9f8de5d72defd8c3ec9fe7d2fbbbd4ea69",
  "docusaurus:docs/eval/methods.md:th": "945760e4dea30dfa15e04ea9b1b8de9f8de5d72defd8c3ec9fe7d2fbbbd4ea69",
  "docusaurus:docs/eval/methods.md:vi": "945760e4dea30dfa15e04ea9b1b8de9f8de5d72defd8c3ec9fe7d2fbbbd4ea69",
  "docusaurus:docs/eval/methods.md:zh": "945760e4dea30dfa15e04ea9b1b8de9f8de5d72defd8c3ec9fe7d2fbbbd4ea69",
  "docusaurus:docs/eval/run-card.md:ar": "ec25fe2da6a7cc158f427f9e484e9718415174c1bf85c800f132c98de43de673",
  "docusaurus:docs/eval/run-card.md:de": "ec25fe2da6a7cc158f427f9e484e9718415174c1bf85c800f132c98de43de673",
  "docusaurus:docs/eval/run-card.md:es": "ec25fe2da6a7cc158f427f9e484e9718415174c1bf85c800f132c98de43de673",
  "docusaurus:docs/eval/run-card.md:fil": "ec25fe2da6a7cc158f427f9e484e9718415174c1bf85c800f132c98de43de673",
  "docusaurus:docs/eval/run-card.md:fr": "ec25fe2da6a7cc158f427f9e484e9718415174c1bf85c800f132c98de43de673",
  "docusaurus:docs/eval/run-card.md:ja": "ec25fe2da6a7cc158f427f9e484e9718415174c1bf85c800f132c98de43de673",
  "docusaurus:docs/eval/run-card.md:ko": "ec25fe2da6a7cc158f427f9e484e9718415174c1bf85c800f132c98de43de673",
  "docusaurus:docs/eval/run-card.md:nl": "ec25fe2da6a7cc158f427f9e484e9718415174c1bf85c800f132c98de43de673",
  "docusaurus:docs/eval/run-card.md:pt": "ec25fe2da6a7cc158f427f9e484e9718415174c1bf85c800f132c98de43de673",
  "docusaurus:docs/eval/run-card.md:th": "ec25fe2da6a7cc158f427f9e484e9718415174c1bf85c800f132c98de43de673",
  "docusaurus:docs/eval/run-card.md:vi": "ec25fe2da6a7cc158f427f9e484e9718415174c1bf85c800f132c98de43de673",
  "docusaurus:docs/eval/run-card.md:zh": "ec25fe2da6a7cc158f427f9e484e9718415174c1bf85c800f132c98de43de673",
  "docusaurus:docs/getting-started/configuration.md:ar": "ee74a6e223a571c8d81cf7318d8702e72bc1728ec8bbd7a024351fb23bf1abca",
  "docusaurus:docs/getting-started/configuration.md:de": "ee74a6e223a571c8d81cf7318d8702e72bc1728ec8bbd7a024351fb23bf1abca",
  "docusaurus:docs/getting-started/configuration.md:es": "ee74a6e223a571c8d81cf7318d8702e72bc1728ec8bbd7a024351fb23bf1abca",
  "docusaurus:docs/getting-started/configuration.md:fil": "ee74a6e223a571c8d81cf7318d8702e72bc1728ec8bbd7a024351fb23bf1abca",
  "docusaurus:docs/getting-started/configuration.md:fr": "ee74a6e223a571c8d81cf7318d8702e72bc1728ec8bbd7a024351fb23bf1abca",
  "docusaurus:docs/getting-started/configuration.md:ja": "ee74a6e223a571c8d81cf7318d8702e72bc1728ec8bbd7a024351fb23bf1abca",
  "docusaurus:docs/getting-started/configuration.md:ko": "ee74a6e223a571c8d81cf7318d8702e72bc1728ec8bbd7a024351fb23bf1abca",
  "docusaurus:docs/getting-started/configuration.md:nl": "ee74a6e223a571c8d81cf7318d8702e72bc1728ec8bbd7a024351fb23bf1abca",
  "docusaurus:docs/getting-started/configuration.md:pt": "ee74a6e223a571c8d81cf7318d8702e72bc1728ec8bbd7a024351fb23bf1abca",
  "docusaurus:docs/getting-started/configuration.md:th": "ee74a6e223a571c8d81cf7318d8702e72bc1728ec8bbd7a024351fb23bf1abca",
  "docusaurus:docs/getting-started/configuration.md:vi": "ee74a6e223a571c8d81cf7318d8702e72bc1728ec8bbd7a024351fb23bf1abca",
  "docusaurus:docs/getting-started/configuration.md:zh": "ee74a6e223a571c8d81cf7318d8702e72bc1728ec8bbd7a024351fb23bf1abca",
  "docusaurus:docs/getting-started/installation.mdx:ar": "c12294ee589683e3afa937f41ca4cadbc5dde3b66c0f5658ef083332f1ef17fa",
  "docusaurus:docs/getting-started/installation.mdx:de": "c12294ee589683e3afa937f41ca4cadbc5dde3b66c0f5658ef083332f1ef17fa",
  "docusaurus:docs/getting-started/installation.mdx:es": "c12294ee589683e3afa937f41ca4cadbc5dde3b66c0f5658ef083332f1ef17fa",
  "docusaurus:docs/getting-started/installation.mdx:fil": "c12294ee589683e3afa937f41ca4cadbc5dde3b66c0f5658ef083332f1ef17fa",
  "docusaurus:docs/getting-started/installation.mdx:fr": "c12294ee589683e3afa937f41ca4cadbc5dde3b66c0f5658ef083332f1ef17fa",
  "docusaurus:docs/getting-started/installation.mdx:ja": "c12294ee589683e3afa937f41ca4cadbc5dde3b66c0f5658ef083332f1ef17fa",
  "docusaurus:docs/getting-started/installation.mdx:ko": "c12294ee589683e3afa937f41ca4cadbc5dde3b66c0f5658ef083332f1ef17fa",
  "docusaurus:docs/getting-started/installation.mdx:nl": "c12294ee589683e3afa937f41ca4cadbc5dde3b66c0f5658ef083332f1ef17fa",
  "docusaurus:docs/getting-started/installation.mdx:pt": "c12294ee589683e3afa937f41ca4cadbc5dde3b66c0f5658ef083332f1ef17fa",
  "docusaurus:docs/getting-started/installation.mdx:th": "c12294ee589683e3afa937f41ca4cadbc5dde3b66c0f5658ef083332f1ef17fa",
  "docusaurus:docs/getting-started/installation.mdx:vi": "c12294ee589683e3afa937f41ca4cadbc5dde3b66c0f5658ef083332f1ef17fa",
  "docusaurus:docs/getting-started/installation.mdx:zh": "c12294ee589683e3afa937f41ca4cadbc5dde3b66c0f5658ef083332f1ef17fa",
  "docusaurus:docs/getting-started/quick-start.md:ar": "af209c0418f93729625bac2d496f414022a3ac83c0f0892676ad605fb87cb9c6",
  "docusaurus:docs/getting-started/quick-start.md:de": "af209c0418f93729625bac2d496f414022a3ac83c0f0892676ad605fb87cb9c6",
  "docusaurus:docs/getting-started/quick-start.md:es": "af209c0418f93729625bac2d496f414022a3ac83c0f0892676ad605fb87cb9c6",
  "docusaurus:docs/getting-started/quick-start.md:fil": "af209c0418f93729625bac2d496f414022a3ac83c0f0892676ad605fb87cb9c6",
  "docusaurus:docs/getting-started/quick-start.md:fr": "af209c0418f93729625bac2d496f414022a3ac83c0f0892676ad605fb87cb9c6",
  "docusaurus:docs/getting-started/quick-start.md:ja": "af209c0418f93729625bac2d496f414022a3ac83c0f0892676ad605fb87cb9c6",
  "docusaurus:docs/getting-started/quick-start.md:ko": "af209c0418f93729625bac2d496f414022a3ac83c0f0892676ad605fb87cb9c6",
  "docusaurus:docs/getting-started/quick-start.md:nl": "af209c0418f93729625bac2d496f414022a3ac83c0f0892676ad605fb87cb9c6",
  "docusaurus:docs/getting-started/quick-start.md:pt": "af209c0418f93729625bac2d496f414022a3ac83c0f0892676ad605fb87cb9c6",
  "docusaurus:docs/getting-started/quick-start.md:th": "af209c0418f93729625bac2d496f414022a3ac83c0f0892676ad605fb87cb9c6",
  "docusaurus:docs/getting-started/quick-start.md:vi": "af209c0418f93729625bac2d496f414022a3ac83c0f0892676ad605fb87cb9c6",
  "docusaurus:docs/getting-started/quick-start.md:zh": "af209c0418f93729625bac2d496f414022a3ac83c0f0892676ad605fb87cb9c6",
  "docusaurus:docs/guides/ci-cd.md:ar": "181d8a796882697234d1817c0f7680a3f3077ee2b8c9d7d4f9e67f1f4db2511e",
  "docusaurus:docs/guides/ci-cd.md:de": "181d8a796882697234d1817c0f7680a3f3077ee2b8c9d7d4f9e67f1f4db2511e",
  "docusaurus:docs/guides/ci-cd.md:es": "181d8a796882697234d1817c0f7680a3f3077ee2b8c9d7d4f9e67f1f4db2511e",
  "docusaurus:docs/guides/ci-cd.md:fil": "181d8a796882697234d1817c0f7680a3f3077ee2b8c9d7d4f9e67f1f4db2511e",
  "docusaurus:docs/guides/ci-cd.md:fr": "181d8a796882697234d1817c0f7680a3f3077ee2b8c9d7d4f9e67f1f4db2511e",
  "docusaurus:docs/guides/ci-cd.md:ja": "181d8a796882697234d1817c0f7680a3f3077ee2b8c9d7d4f9e67f1f4db2511e",
  "docusaurus:docs/guides/ci-cd.md:ko": "181d8a796882697234d1817c0f7680a3f3077ee2b8c9d7d4f9e67f1f4db2511e",
  "docusaurus:docs/guides/ci-cd.md:nl": "181d8a796882697234d1817c0f7680a3f3077ee2b8c9d7d4f9e67f1f4db2511e",
  "docusaurus:docs/guides/ci-cd.md:pt": "181d8a796882697234d1817c0f7680a3f3077ee2b8c9d7d4f9e67f1f4db2511e",
  "docusaurus:docs/guides/ci-cd.md:th": "181d8a796882697234d1817c0f7680a3f3077ee2b8c9d7d4f9e67f1f4db2511e",
  "docusaurus:docs/guides/ci-cd.md:vi": "181d8a796882697234d1817c0f7680a3f3077ee2b8c9d7d4f9e67f1f4db2511e",
  "docusaurus:docs/guides/ci-cd.md:zh": "181d8a796882697234d1817c0f7680a3f3077ee2b8c9d7d4f9e67f1f4db2511e",
  "docusaurus:docs/guides/comparison.md:ar": "dff8da274f1b2925378dea560d96f5c203e2e9e1af52ec99b3d207ebe9b7f1c4",
  "docusaurus:docs/guides/comparison.md:de": "dff8da274f1b2925378dea560d96f5c203e2e9e1af52ec99b3d207ebe9b7f1c4",
  "docusaurus:docs/guides/comparison.md:es": "dff8da274f1b2925378dea560d96f5c203e2e9e1af52ec99b3d207ebe9b7f1c4",
  "docusaurus:docs/guides/comparison.md:fil": "dff8da274f1b2925378dea560d96f5c203e2e9e1af52ec99b3d207ebe9b7f1c4",
  "docusaurus:docs/guides/comparison.md:fr": "dff8da274f1b2925378dea560d96f5c203e2e9e1af52ec99b3d207ebe9b7f1c4",
  "docusaurus:docs/guides/comparison.md:ja": "dff8da274f1b2925378dea560d96f5c203e2e9e1af52ec99b3d207ebe9b7f1c4",
  "docusaurus:docs/guides/comparison.md:ko": "dff8da274f1b2925378dea560d96f5c203e2e9e1af52ec99b3d207ebe9b7f1c4",
  "docusaurus:docs/guides/comparison.md:nl": "dff8da274f1b2925378dea560d96f5c203e2e9e1af52ec99b3d207ebe9b7f1c4",
  "docusaurus:docs/guides/comparison.md:pt": "dff8da274f1b2925378dea560d96f5c203e2e9e1af52ec99b3d207ebe9b7f1c4",
  "docusaurus:docs/guides/comparison.md:th": "dff8da274f1b2925378dea560d96f5c203e2e9e1af52ec99b3d207ebe9b7f1c4",
  "docusaurus:docs/guides/comparison.md:vi": "dff8da274f1b2925378dea560d96f5c203e2e9e1af52ec99b3d207ebe9b7f1c4",
  "docusaurus:docs/guides/comparison.md:zh": "dff8da274f1b2925378dea560d96f5c203e2e9e1af52ec99b3d207ebe9b7f1c4",
  "docusaurus:docs/guides/conlangs-scripts-orthography.md:ar": "aa133f43b6d020adb8c4a342f5489f3172535daf261d345a1a3391863eaded57",
  "docusaurus:docs/guides/conlangs-scripts-orthography.md:de": "aa133f43b6d020adb8c4a342f5489f3172535daf261d345a1a3391863eaded57",
  "docusaurus:docs/guides/conlangs-scripts-orthography.md:es": "aa133f43b6d020adb8c4a342f5489f3172535daf261d345a1a3391863eaded57",
  "docusaurus:docs/guides/conlangs-scripts-orthography.md:fil": "aa133f43b6d020adb8c4a342f5489f3172535daf261d345a1a3391863eaded57",
  "docusaurus:docs/guides/conlangs-scripts-orthography.md:fr": "aa133f43b6d020adb8c4a342f5489f3172535daf261d345a1a3391863eaded57",
  "docusaurus:docs/guides/conlangs-scripts-orthography.md:ja": "aa133f43b6d020adb8c4a342f5489f3172535daf261d345a1a3391863eaded57",
  "docusaurus:docs/guides/conlangs-scripts-orthography.md:ko": "aa133f43b6d020adb8c4a342f5489f3172535daf261d345a1a3391863eaded57",
  "docusaurus:docs/guides/conlangs-scripts-orthography.md:nl": "aa133f43b6d020adb8c4a342f5489f3172535daf261d345a1a3391863eaded57",
  "docusaurus:docs/guides/conlangs-scripts-orthography.md:pt": "aa133f43b6d020adb8c4a342f5489f3172535daf261d345a1a3391863eaded57",
  "docusaurus:docs/guides/conlangs-scripts-orthography.md:th": "aa133f43b6d020adb8c4a342f5489f3172535daf261d345a1a3391863eaded57",
  "docusaurus:docs/guides/conlangs-scripts-orthography.md:vi": "aa133f43b6d020adb8c4a342f5489f3172535daf261d345a1a3391863eaded57",
  "docusaurus:docs/guides/conlangs-scripts-orthography.md:zh": "aa133f43b6d020adb8c4a342f5489f3172535daf261d345a1a3391863eaded57",
  "docusaurus:docs/guides/content-translation.md:ar": "de766571b3aa75875921c93ade5448897cd054b899fff9bfa21ccb5cbfd99257",
  "docusaurus:docs/guides/content-translation.md:de": "de766571b3aa75875921c93ade5448897cd054b899fff9bfa21ccb5cbfd99257",
  "docusaurus:docs/guides/content-translation.md:es": "de766571b3aa75875921c93ade5448897cd054b899fff9bfa21ccb5cbfd99257",
  "docusaurus:docs/guides/content-translation.md:fil": "de766571b3aa75875921c93ade5448897cd054b899fff9bfa21ccb5cbfd99257",
  "docusaurus:docs/guides/content-translation.md:fr": "de766571b3aa75875921c93ade5448897cd054b899fff9bfa21ccb5cbfd99257",
  "docusaurus:docs/guides/content-translation.md:ja": "de766571b3aa75875921c93ade5448897cd054b899fff9bfa21ccb5cbfd99257",
  "docusaurus:docs/guides/content-translation.md:ko": "de766571b3aa75875921c93ade5448897cd054b899fff9bfa21ccb5cbfd99257",
  "docusaurus:docs/guides/content-translation.md:nl": "de766571b3aa75875921c93ade5448897cd054b899fff9bfa21ccb5cbfd99257",
  "docusaurus:docs/guides/content-translation.md:pt": "de766571b3aa75875921c93ade5448897cd054b899fff9bfa21ccb5cbfd99257",
  "docusaurus:docs/guides/content-translation.md:th": "de766571b3aa75875921c93ade5448897cd054b899fff9bfa21ccb5cbfd99257",
  "docusaurus:docs/guides/content-translation.md:vi": "de766571b3aa75875921c93ade5448897cd054b899fff9bfa21ccb5cbfd99257",
  "docusaurus:docs/guides/content-translation.md:zh": "de766571b3aa75875921c93ade5448897cd054b899fff9bfa21ccb5cbfd99257",
  "docusaurus:docs/guides/data-sovereignty.md:ar": "b1a6a47a0cf0bdd9558bb7b36ce3669c5f6d197c3b7d99e5c129a1c0dd82af03",
  "docusaurus:docs/guides/data-sovereignty.md:de": "b1a6a47a0cf0bdd9558bb7b36ce3669c5f6d197c3b7d99e5c129a1c0dd82af03",
  "docusaurus:docs/guides/data-sovereignty.md:es": "b1a6a47a0cf0bdd9558bb7b36ce3669c5f6d197c3b7d99e5c129a1c0dd82af03",
  "docusaurus:docs/guides/data-sovereignty.md:fil": "b1a6a47a0cf0bdd9558bb7b36ce3669c5f6d197c3b7d99e5c129a1c0dd82af03",
  "docusaurus:docs/guides/data-sovereignty.md:fr": "b1a6a47a0cf0bdd9558bb7b36ce3669c5f6d197c3b7d99e5c129a1c0dd82af03",
  "docusaurus:docs/guides/data-sovereignty.md:ja": "b1a6a47a0cf0bdd9558bb7b36ce3669c5f6d197c3b7d99e5c129a1c0dd82af03",
  "docusaurus:docs/guides/data-sovereignty.md:ko": "b1a6a47a0cf0bdd9558bb7b36ce3669c5f6d197c3b7d99e5c129a1c0dd82af03",
  "docusaurus:docs/guides/data-sovereignty.md:nl": "b1a6a47a0cf0bdd9558bb7b36ce3669c5f6d197c3b7d99e5c129a1c0dd82af03",
  "docusaurus:docs/guides/data-sovereignty.md:pt": "b1a6a47a0cf0bdd9558bb7b36ce3669c5f6d197c3b7d99e5c129a1c0dd82af03",
  "docusaurus:docs/guides/data-sovereignty.md:th": "b1a6a47a0cf0bdd9558bb7b36ce3669c5f6d197c3b7d99e5c129a1c0dd82af03",
  "docusaurus:docs/guides/data-sovereignty.md:vi": "b1a6a47a0cf0bdd9558bb7b36ce3669c5f6d197c3b7d99e5c129a1c0dd82af03",
  "docusaurus:docs/guides/data-sovereignty.md:zh": "b1a6a47a0cf0bdd9558bb7b36ce3669c5f6d197c3b7d99e5c129a1c0dd82af03",
  "docusaurus:docs/guides/framework-integration.mdx:ar": "7a44af19a832f0ee59135d703bbda43591e9709cc91a5c8019608a19b9b1fa84",
  "docusaurus:docs/guides/framework-integration.mdx:de": "7a44af19a832f0ee59135d703bbda43591e9709cc91a5c8019608a19b9b1fa84",
  "docusaurus:docs/guides/framework-integration.mdx:es": "7a44af19a832f0ee59135d703bbda43591e9709cc91a5c8019608a19b9b1fa84",
  "docusaurus:docs/guides/framework-integration.mdx:fil": "7a44af19a832f0ee59135d703bbda43591e9709cc91a5c8019608a19b9b1fa84",
  "docusaurus:docs/guides/framework-integration.mdx:fr": "7a44af19a832f0ee59135d703bbda43591e9709cc91a5c8019608a19b9b1fa84",
  "docusaurus:docs/guides/framework-integration.mdx:ja": "7a44af19a832f0ee59135d703bbda43591e9709cc91a5c8019608a19b9b1fa84",
  "docusaurus:docs/guides/framework-integration.mdx:ko": "7a44af19a832f0ee59135d703bbda43591e9709cc91a5c8019608a19b9b1fa84",
  "docusaurus:docs/guides/framework-integration.mdx:nl": "7a44af19a832f0ee59135d703bbda43591e9709cc91a5c8019608a19b9b1fa84",
  "docusaurus:docs/guides/framework-integration.mdx:pt": "7a44af19a832f0ee59135d703bbda43591e9709cc91a5c8019608a19b9b1fa84",
  "docusaurus:docs/guides/framework-integration.mdx:th": "7a44af19a832f0ee59135d703bbda43591e9709cc91a5c8019608a19b9b1fa84",
  "docusaurus:docs/guides/framework-integration.mdx:vi": "7a44af19a832f0ee59135d703bbda43591e9709cc91a5c8019608a19b9b1fa84",
  "docusaurus:docs/guides/framework-integration.mdx:zh": "7a44af19a832f0ee59135d703bbda43591e9709cc91a5c8019608a19b9b1fa84",
  "docusaurus:docs/guides/low-resource-languages.md:ar": "bae3a2e5fbabe37dbe16daedf42603982eab08fb00f33fba84ec75fa134bef7b",
  "docusaurus:docs/guides/low-resource-languages.md:de": "bae3a2e5fbabe37dbe16daedf42603982eab08fb00f33fba84ec75fa134bef7b",
  "docusaurus:docs/guides/low-resource-languages.md:es": "bae3a2e5fbabe37dbe16daedf42603982eab08fb00f33fba84ec75fa134bef7b",
  "docusaurus:docs/guides/low-resource-languages.md:fil": "bae3a2e5fbabe37dbe16daedf42603982eab08fb00f33fba84ec75fa134bef7b",
  "docusaurus:docs/guides/low-resource-languages.md:fr": "bae3a2e5fbabe37dbe16daedf42603982eab08fb00f33fba84ec75fa134bef7b",
  "docusaurus:docs/guides/low-resource-languages.md:ja": "bae3a2e5fbabe37dbe16daedf42603982eab08fb00f33fba84ec75fa134bef7b",
  "docusaurus:docs/guides/low-resource-languages.md:ko": "bae3a2e5fbabe37dbe16daedf42603982eab08fb00f33fba84ec75fa134bef7b",
  "docusaurus:docs/guides/low-resource-languages.md:nl": "bae3a2e5fbabe37dbe16daedf42603982eab08fb00f33fba84ec75fa134bef7b",
  "docusaurus:docs/guides/low-resource-languages.md:pt": "bae3a2e5fbabe37dbe16daedf42603982eab08fb00f33fba84ec75fa134bef7b",
  "docusaurus:docs/guides/low-resource-languages.md:th": "bae3a2e5fbabe37dbe16daedf42603982eab08fb00f33fba84ec75fa134bef7b",
  "docusaurus:docs/guides/low-resource-languages.md:vi": "bae3a2e5fbabe37dbe16daedf42603982eab08fb00f33fba84ec75fa134bef7b",
  "docusaurus:docs/guides/low-resource-languages.md:zh": "bae3a2e5fbabe37dbe16daedf42603982eab08fb00f33fba84ec75fa134bef7b",
  "docusaurus:docs/guides/serving-a-method.md:ar": "55016660883a0d08d6cb95ea769febc21fd541fad6447fa83c71fefd317b3fde",
  "docusaurus:docs/guides/serving-a-method.md:de": "55016660883a0d08d6cb95ea769febc21fd541fad6447fa83c71fefd317b3fde",
  "docusaurus:docs/guides/serving-a-method.md:es": "55016660883a0d08d6cb95ea769febc21fd541fad6447fa83c71fefd317b3fde",
  "docusaurus:docs/guides/serving-a-method.md:fil": "55016660883a0d08d6cb95ea769febc21fd541fad6447fa83c71fefd317b3fde",
  "docusaurus:docs/guides/serving-a-method.md:fr": "55016660883a0d08d6cb95ea769febc21fd541fad6447fa83c71fefd317b3fde",
  "docusaurus:docs/guides/serving-a-method.md:ja": "55016660883a0d08d6cb95ea769febc21fd541fad6447fa83c71fefd317b3fde",
  "docusaurus:docs/guides/serving-a-method.md:ko": "55016660883a0d08d6cb95ea769febc21fd541fad6447fa83c71fefd317b3fde",
  "docusaurus:docs/guides/serving-a-method.md:nl": "55016660883a0d08d6cb95ea769febc21fd541fad6447fa83c71fefd317b3fde",
  "docusaurus:docs/guides/serving-a-method.md:pt": "55016660883a0d08d6cb95ea769febc21fd541fad6447fa83c71fefd317b3fde",
  "docusaurus:docs/guides/serving-a-method.md:th": "55016660883a0d08d6cb95ea769febc21fd541fad6447fa83c71fefd317b3fde",
  "docusaurus:docs/guides/serving-a-method.md:vi": "55016660883a0d08d6cb95ea769febc21fd541fad6447fa83c71fefd317b3fde",
  "docusaurus:docs/guides/serving-a-method.md:zh": "55016660883a0d08d6cb95ea769febc21fd541fad6447fa83c71fefd317b3fde",
  "docusaurus:docs/guides/translation-methods.md:ar": "603b5c29fd26205c64f8c9f9fe21c5b37d37d17d8b32bef4879aeba33b92bddb",
  "docusaurus:docs/guides/translation-methods.md:de": "603b5c29fd26205c64f8c9f9fe21c5b37d37d17d8b32bef4879aeba33b92bddb",
  "docusaurus:docs/guides/translation-methods.md:es": "603b5c29fd26205c64f8c9f9fe21c5b37d37d17d8b32bef4879aeba33b92bddb",
  "docusaurus:docs/guides/translation-methods.md:fil": "603b5c29fd26205c64f8c9f9fe21c5b37d37d17d8b32bef4879aeba33b92bddb",
  "docusaurus:docs/guides/translation-methods.md:fr": "603b5c29fd26205c64f8c9f9fe21c5b37d37d17d8b32bef4879aeba33b92bddb",
  "docusaurus:docs/guides/translation-methods.md:ja": "603b5c29fd26205c64f8c9f9fe21c5b37d37d17d8b32bef4879aeba33b92bddb",
  "docusaurus:docs/guides/translation-methods.md:ko": "603b5c29fd26205c64f8c9f9fe21c5b37d37d17d8b32bef4879aeba33b92bddb",
  "docusaurus:docs/guides/translation-methods.md:nl": "603b5c29fd26205c64f8c9f9fe21c5b37d37d17d8b32bef4879aeba33b92bddb",
  "docusaurus:docs/guides/translation-methods.md:pt": "603b5c29fd26205c64f8c9f9fe21c5b37d37d17d8b32bef4879aeba33b92bddb",
  "docusaurus:docs/guides/translation-methods.md:th": "603b5c29fd26205c64f8c9f9fe21c5b37d37d17d8b32bef4879aeba33b92bddb",
  "docusaurus:docs/guides/translation-methods.md:vi": "603b5c29fd26205c64f8c9f9fe21c5b37d37d17d8b32bef4879aeba33b92bddb",
  "docusaurus:docs/guides/translation-methods.md:zh": "603b5c29fd26205c64f8c9f9fe21c5b37d37d17d8b32bef4879aeba33b92bddb",
  "docusaurus:docs/guides/troubleshooting.md:ar": "2f68f87b0f198d0d3ffb56e7800de06d5598f789a866510cc310f824e5a73a65",
  "docusaurus:docs/guides/troubleshooting.md:de": "2f68f87b0f198d0d3ffb56e7800de06d5598f789a866510cc310f824e5a73a65",
  "docusaurus:docs/guides/troubleshooting.md:es": "2f68f87b0f198d0d3ffb56e7800de06d5598f789a866510cc310f824e5a73a65",
  "docusaurus:docs/guides/troubleshooting.md:fil": "2f68f87b0f198d0d3ffb56e7800de06d5598f789a866510cc310f824e5a73a65",
  "docusaurus:docs/guides/troubleshooting.md:fr": "2f68f87b0f198d0d3ffb56e7800de06d5598f789a866510cc310f824e5a73a65",
  "docusaurus:docs/guides/troubleshooting.md:ja": "2f68f87b0f198d0d3ffb56e7800de06d5598f789a866510cc310f824e5a73a65",
  "docusaurus:docs/guides/troubleshooting.md:ko": "2f68f87b0f198d0d3ffb56e7800de06d5598f789a866510cc310f824e5a73a65",
  "docusaurus:docs/guides/troubleshooting.md:nl": "2f68f87b0f198d0d3ffb56e7800de06d5598f789a866510cc310f824e5a73a65",
  "docusaurus:docs/guides/troubleshooting.md:pt": "2f68f87b0f198d0d3ffb56e7800de06d5598f789a866510cc310f824e5a73a65",
  "docusaurus:docs/guides/troubleshooting.md:th": "2f68f87b0f198d0d3ffb56e7800de06d5598f789a866510cc310f824e5a73a65",
  "docusaurus:docs/guides/troubleshooting.md:vi": "2f68f87b0f198d0d3ffb56e7800de06d5598f789a866510cc310f824e5a73a65",
  "docusaurus:docs/guides/troubleshooting.md:zh": "2f68f87b0f198d0d3ffb56e7800de06d5598f789a866510cc310f824e5a73a65",
  "docusaurus:docs/intro.md:ar": "1800c04051a4803e586238e20850e23209b3d79188893a7f3b78aa72c8768dc4",
  "docusaurus:docs/intro.md:de": "1800c04051a4803e586238e20850e23209b3d79188893a7f3b78aa72c8768dc4",
  "docusaurus:docs/intro.md:es": "1800c04051a4803e586238e20850e23209b3d79188893a7f3b78aa72c8768dc4",
  "docusaurus:docs/intro.md:fil": "1800c04051a4803e586238e20850e23209b3d79188893a7f3b78aa72c8768dc4",
  "docusaurus:docs/intro.md:fr": "1800c04051a4803e586238e20850e23209b3d79188893a7f3b78aa72c8768dc4",
  "docusaurus:docs/intro.md:ja": "1800c04051a4803e586238e20850e23209b3d79188893a7f3b78aa72c8768dc4",
  "docusaurus:docs/intro.md:ko": "1800c04051a4803e586238e20850e23209b3d79188893a7f3b78aa72c8768dc4",
  "docusaurus:docs/intro.md:nl": "1800c04051a4803e586238e20850e23209b3d79188893a7f3b78aa72c8768dc4",
  "docusaurus:docs/intro.md:pt": "1800c04051a4803e586238e20850e23209b3d79188893a7f3b78aa72c8768dc4",
  "docusaurus:docs/intro.md:th": "1800c04051a4803e586238e20850e23209b3d79188893a7f3b78aa72c8768dc4",
  "docusaurus:docs/intro.md:vi": "1800c04051a4803e586238e20850e23209b3d79188893a7f3b78aa72c8768dc4",
  "docusaurus:docs/intro.md:zh": "1800c04051a4803e586238e20850e23209b3d79188893a7f3b78aa72c8768dc4",
  "docusaurus:docs/reference/cli.md:ar": "99013d9e85a2896325ced5140dc8d636d238ce1c667f71fce50b91a2b8c7d1d9",
  "docusaurus:docs/reference/cli.md:de": "99013d9e85a2896325ced5140dc8d636d238ce1c667f71fce50b91a2b8c7d1d9",
  "docusaurus:docs/reference/cli.md:es": "99013d9e85a2896325ced5140dc8d636d238ce1c667f71fce50b91a2b8c7d1d9",
  "docusaurus:docs/reference/cli.md:fil": "99013d9e85a2896325ced5140dc8d636d238ce1c667f71fce50b91a2b8c7d1d9",
  "docusaurus:docs/reference/cli.md:fr": "99013d9e85a2896325ced5140dc8d636d238ce1c667f71fce50b91a2b8c7d1d9",
  "docusaurus:docs/reference/cli.md:ja": "99013d9e85a2896325ced5140dc8d636d238ce1c667f71fce50b91a2b8c7d1d9",
  "docusaurus:docs/reference/cli.md:ko": "99013d9e85a2896325ced5140dc8d636d238ce1c667f71fce50b91a2b8c7d1d9",
  "docusaurus:docs/reference/cli.md:nl": "99013d9e85a2896325ced5140dc8d636d238ce1c667f71fce50b91a2b8c7d1d9",
  "docusaurus:docs/reference/cli.md:pt": "99013d9e85a2896325ced5140dc8d636d238ce1c667f71fce50b91a2b8c7d1d9",
  "docusaurus:docs/reference/cli.md:th": "99013d9e85a2896325ced5140dc8d636d238ce1c667f71fce50b91a2b8c7d1d9",
  "docusaurus:docs/reference/cli.md:vi": "99013d9e85a2896325ced5140dc8d636d238ce1c667f71fce50b91a2b8c7d1d9",
  "docusaurus:docs/reference/cli.md:zh": "99013d9e85a2896325ced5140dc8d636d238ce1c667f71fce50b91a2b8c7d1d9",
  "docusaurus:docs/reference/plugin-spec.md:ar": "4fe8d74e58b4ca7bbf149b053d23df560c5ee641cf02838b2ccdd40cab8453d8",
  "docusaurus:docs/reference/plugin-spec.md:de": "4fe8d74e58b4ca7bbf149b053d23df560c5ee641cf02838b2ccdd40cab8453d8",
  "docusaurus:docs/reference/plugin-spec.md:es": "4fe8d74e58b4ca7bbf149b053d23df560c5ee641cf02838b2ccdd40cab8453d8",
  "docusaurus:docs/reference/plugin-spec.md:fil": "4fe8d74e58b4ca7bbf149b053d23df560c5ee641cf02838b2ccdd40cab8453d8",
  "docusaurus:docs/reference/plugin-spec.md:fr": "4fe8d74e58b4ca7bbf149b053d23df560c5ee641cf02838b2ccdd40cab8453d8",
  "docusaurus:docs/reference/plugin-spec.md:ja": "4fe8d74e58b4ca7bbf149b053d23df560c5ee641cf02838b2ccdd40cab8453d8",
  "docusaurus:docs/reference/plugin-spec.md:ko": "4fe8d74e58b4ca7bbf149b053d23df560c5ee641cf02838b2ccdd40cab8453d8",
  "docusaurus:docs/reference/plugin-spec.md:nl": "4fe8d74e58b4ca7bbf149b053d23df560c5ee641cf02838b2ccdd40cab8453d8",
  "docusaurus:docs/reference/plugin-spec.md:pt": "4fe8d74e58b4ca7bbf149b053d23df560c5ee641cf02838b2ccdd40cab8453d8",
  "docusaurus:docs/reference/plugin-spec.md:th": "4fe8d74e58b4ca7bbf149b053d23df560c5ee641cf02838b2ccdd40cab8453d8",
  "docusaurus:docs/reference/plugin-spec.md:vi": "4fe8d74e58b4ca7bbf149b053d23df560c5ee641cf02838b2ccdd40cab8453d8",
  "docusaurus:docs/reference/plugin-spec.md:zh": "4fe8d74e58b4ca7bbf149b053d23df560c5ee641cf02838b2ccdd40cab8453d8",
  "docusaurus:docs/reference/supported-languages.md:ar": "6de70da8406edfa18ab933e251d47fd08e297abdca96f7cda3a4880db7aacd1c",
  "docusaurus:docs/reference/supported-languages.md:de": "6de70da8406edfa18ab933e251d47fd08e297abdca96f7cda3a4880db7aacd1c",
  "docusaurus:docs/reference/supported-languages.md:es": "6de70da8406edfa18ab933e251d47fd08e297abdca96f7cda3a4880db7aacd1c",
  "docusaurus:docs/reference/supported-languages.md:fil": "6de70da8406edfa18ab933e251d47fd08e297abdca96f7cda3a4880db7aacd1c",
  "docusaurus:docs/reference/supported-languages.md:fr": "6de70da8406edfa18ab933e251d47fd08e297abdca96f7cda3a4880db7aacd1c",
  "docusaurus:docs/reference/supported-languages.md:ja": "6de70da8406edfa18ab933e251d47fd08e297abdca96f7cda3a4880db7aacd1c",
  "docusaurus:docs/reference/supported-languages.md:ko": "6de70da8406edfa18ab933e251d47fd08e297abdca96f7cda3a4880db7aacd1c",
  "docusaurus:docs/reference/supported-languages.md:nl": "6de70da8406edfa18ab933e251d47fd08e297abdca96f7cda3a4880db7aacd1c",
  "docusaurus:docs/reference/supported-languages.md:pt": "6de70da8406edfa18ab933e251d47fd08e297abdca96f7cda3a4880db7aacd1c",
  "docusaurus:docs/reference/supported-languages.md:th": "6de70da8406edfa18ab933e251d47fd08e297abdca96f7cda3a4880db7aacd1c",
  "docusaurus:docs/reference/supported-languages.md:vi": "6de70da8406edfa18ab933e251d47fd08e297abdca96f7cda3a4880db7aacd1c",
  "docusaurus:docs/reference/supported-languages.md:zh": "6de70da8406edfa18ab933e251d47fd08e297abdca96f7cda3a4880db7aacd1c",
  "docusaurus:docs/tutorials/build-a-plugin.md:ar": "06523c75aed907bdd67cbaba5dfffa827d334f5bdc3889b6e5f885fd08d30b9f",
  "docusaurus:docs/tutorials/build-a-plugin.md:de": "06523c75aed907bdd67cbaba5dfffa827d334f5bdc3889b6e5f885fd08d30b9f",
  "docusaurus:docs/tutorials/build-a-plugin.md:es": "06523c75aed907bdd67cbaba5dfffa827d334f5bdc3889b6e5f885fd08d30b9f",
  "docusaurus:docs/tutorials/build-a-plugin.md:fil": "06523c75aed907bdd67cbaba5dfffa827d334f5bdc3889b6e5f885fd08d30b9f",
  "docusaurus:docs/tutorials/build-a-plugin.md:fr": "06523c75aed907bdd67cbaba5dfffa827d334f5bdc3889b6e5f885fd08d30b9f",
  "docusaurus:docs/tutorials/build-a-plugin.md:ja": "06523c75aed907bdd67cbaba5dfffa827d334f5bdc3889b6e5f885fd08d30b9f",
  "docusaurus:docs/tutorials/build-a-plugin.md:ko": "06523c75aed907bdd67cbaba5dfffa827d334f5bdc3889b6e5f885fd08d30b9f",
  "docusaurus:docs/tutorials/build-a-plugin.md:nl": "06523c75aed907bdd67cbaba5dfffa827d334f5bdc3889b6e5f885fd08d30b9f",
  "docusaurus:docs/tutorials/build-a-plugin.md:pt": "06523c75aed907bdd67cbaba5dfffa827d334f5bdc3889b6e5f885fd08d30b9f",
  "docusaurus:docs/tutorials/build-a-plugin.md:th": "06523c75aed907bdd67cbaba5dfffa827d334f5bdc3889b6e5f885fd08d30b9f",
  "docusaurus:docs/tutorials/build-a-plugin.md:vi": "06523c75aed907bdd67cbaba5dfffa827d334f5bdc3889b6e5f885fd08d30b9f",
  "docusaurus:docs/tutorials/build-a-plugin.md:zh": "06523c75aed907bdd67cbaba5dfffa827d334f5bdc3889b6e5f885fd08d30b9f",
  "docusaurus:docs/tutorials/fst-gated-pipeline.md:ar": "9283bda5bf3ebd180b0a556ad59788c82616ab71afe3e52aa1408c868b320f20",
  "docusaurus:docs/tutorials/fst-gated-pipeline.md:de": "9283bda5bf3ebd180b0a556ad59788c82616ab71afe3e52aa1408c868b320f20",
  "docusaurus:docs/tutorials/fst-gated-pipeline.md:es": "9283bda5bf3ebd180b0a556ad59788c82616ab71afe3e52aa1408c868b320f20",
  "docusaurus:docs/tutorials/fst-gated-pipeline.md:fil": "9283bda5bf3ebd180b0a556ad59788c82616ab71afe3e52aa1408c868b320f20",
  "docusaurus:docs/tutorials/fst-gated-pipeline.md:fr": "9283bda5bf3ebd180b0a556ad59788c82616ab71afe3e52aa1408c868b320f20",
  "docusaurus:docs/tutorials/fst-gated-pipeline.md:ja": "9283bda5bf3ebd180b0a556ad59788c82616ab71afe3e52aa1408c868b320f20",
  "docusaurus:docs/tutorials/fst-gated-pipeline.md:ko": "9283bda5bf3ebd180b0a556ad59788c82616ab71afe3e52aa1408c868b320f20",
  "docusaurus:docs/tutorials/fst-gated-pipeline.md:nl": "9283bda5bf3ebd180b0a556ad59788c82616ab71afe3e52aa1408c868b320f20",
  "docusaurus:docs/tutorials/fst-gated-pipeline.md:pt": "9283bda5bf3ebd180b0a556ad59788c82616ab71afe3e52aa1408c868b320f20",
  "docusaurus:docs/tutorials/fst-gated-pipeline.md:th": "9283bda5bf3ebd180b0a556ad59788c82616ab71afe3e52aa1408c868b320f20",
  "docusaurus:docs/tutorials/fst-gated-pipeline.md:vi": "9283bda5bf3ebd180b0a556ad59788c82616ab71afe3e52aa1408c868b320f20",
  "docusaurus:docs/tutorials/fst-gated-pipeline.md:zh": "9283bda5bf3ebd180b0a556ad59788c82616ab71afe3e52aa1408c868b320f20",
  "docusaurus:docs/tutorials/hugo-multilingual-site.md:ar": "ce2c3d90b95dc22970f1b9de6bc4c5347ec3692c2c6acefb13408cd79ee70047",
  "docusaurus:docs/tutorials/hugo-multilingual-site.md:de": "ce2c3d90b95dc22970f1b9de6bc4c5347ec3692c2c6acefb13408cd79ee70047",
  "docusaurus:docs/tutorials/hugo-multilingual-site.md:es": "ce2c3d90b95dc22970f1b9de6bc4c5347ec3692c2c6acefb13408cd79ee70047",
  "docusaurus:docs/tutorials/hugo-multilingual-site.md:fil": "ce2c3d90b95dc22970f1b9de6bc4c5347ec3692c2c6acefb13408cd79ee70047",
  "docusaurus:docs/tutorials/hugo-multilingual-site.md:fr": "ce2c3d90b95dc22970f1b9de6bc4c5347ec3692c2c6acefb13408cd79ee70047",
  "docusaurus:docs/tutorials/hugo-multilingual-site.md:ja": "ce2c3d90b95dc22970f1b9de6bc4c5347ec3692c2c6acefb13408cd79ee70047",
  "docusaurus:docs/tutorials/hugo-multilingual-site.md:ko": "ce2c3d90b95dc22970f1b9de6bc4c5347ec3692c2c6acefb13408cd79ee70047",
  "docusaurus:docs/tutorials/hugo-multilingual-site.md:nl": "ce2c3d90b95dc22970f1b9de6bc4c5347ec3692c2c6acefb13408cd79ee70047",
  "docusaurus:docs/tutorials/hugo-multilingual-site.md:pt": "ce2c3d90b95dc22970f1b9de6bc4c5347ec3692c2c6acefb13408cd79ee70047",
  "docusaurus:docs/tutorials/hugo-multilingual-site.md:th": "ce2c3d90b95dc22970f1b9de6bc4c5347ec3692c2c6acefb13408cd79ee70047",
  "docusaurus:docs/tutorials/hugo-multilingual-site.md:vi": "ce2c3d90b95dc22970f1b9de6bc4c5347ec3692c2c6acefb13408cd79ee70047",
  "docusaurus:docs/tutorials/hugo-multilingual-site.md:zh": "ce2c3d90b95dc22970f1b9de6bc4c5347ec3692c2c6acefb13408cd79ee70047",
  "docusaurus:docs/tutorials/translate-30-languages.md:ar": "f1c67342149f585fbe1e32ccadd164fb70b261513c213128bc5a25d096cb2530",
  "docusaurus:docs/tutorials/translate-30-languages.md:de": "f1c67342149f585fbe1e32ccadd164fb70b261513c213128bc5a25d096cb2530",
  "docusaurus:docs/tutorials/translate-30-languages.md:es": "f1c67342149f585fbe1e32ccadd164fb70b261513c213128bc5a25d096cb2530",
  "docusaurus:docs/tutorials/translate-30-languages.md:fil": "f1c67342149f585fbe1e32ccadd164fb70b261513c213128bc5a25d096cb2530",
  "docusaurus:docs/tutorials/translate-30-languages.md:fr": "f1c67342149f585fbe1e32ccadd164fb70b261513c213128bc5a25d096cb2530",
  "docusaurus:docs/tutorials/translate-30-languages.md:ja": "f1c67342149f585fbe1e32ccadd164fb70b261513c213128bc5a25d096cb2530",
  "docusaurus:docs/tutorials/translate-30-languages.md:ko": "f1c67342149f585fbe1e32ccadd164fb70b261513c213128bc5a25d096cb2530",
  "docusaurus:docs/tutorials/translate-30-languages.md:nl": "f1c67342149f585fbe1e32ccadd164fb70b261513c213128bc5a25d096cb2530",
  "docusaurus:docs/tutorials/translate-30-languages.md:pt": "f1c67342149f585fbe1e32ccadd164fb70b261513c213128bc5a25d096cb2530",
  "docusaurus:docs/tutorials/translate-30-languages.md:th": "f1c67342149f585fbe1e32ccadd164fb70b261513c213128bc5a25d096cb2530",
  "docusaurus:docs/tutorials/translate-30-languages.md:vi": "f1c67342149f585fbe1e32ccadd164fb70b261513c213128bc5a25d096cb2530",
  "docusaurus:docs/tutorials/translate-30-languages.md:zh": "f1c67342149f585fbe1e32ccadd164fb70b261513c213128bc5a25d096cb2530"
}
