{
  "README.md:ar": "a3723d0b41ade41a1e45f1f1a6cb474edb58cb5e6e4be1035da4ff7a369bd6d8",
  "README.md:de": "a3723d0b41ade41a1e45f1f1a6cb474edb58cb5e6e4be1035da4ff7a369bd6d8",
  "README.md:es": "a3723d0b41ade41a1e45f1f1a6cb474edb58cb5e6e4be1035da4ff7a369bd6d8",
  "README.md:fil": "a3723d0b41ade41a1e45f1f1a6cb474edb58cb5e6e4be1035da4ff7a369bd6d8",
  "README.md:fr": "a3723d0b41ade41a1e45f1f1a6cb474edb58cb5e6e4be1035da4ff7a369bd6d8",
  "README.md:ja": "a3723d0b41ade41a1e45f1f1a6cb474edb58cb5e6e4be1035da4ff7a369bd6d8",
  "README.md:ko": "a3723d0b41ade41a1e45f1f1a6cb474edb58cb5e6e4be1035da4ff7a369bd6d8",
  "README.md:nl": "a3723d0b41ade41a1e45f1f1a6cb474edb58cb5e6e4be1035da4ff7a369bd6d8",
  "README.md:pt": "a3723d0b41ade41a1e45f1f1a6cb474edb58cb5e6e4be1035da4ff7a369bd6d8",
  "README.md:th": "a3723d0b41ade41a1e45f1f1a6cb474edb58cb5e6e4be1035da4ff7a369bd6d8",
  "README.md:tl": "a3723d0b41ade41a1e45f1f1a6cb474edb58cb5e6e4be1035da4ff7a369bd6d8",
  "README.md:vi": "a3723d0b41ade41a1e45f1f1a6cb474edb58cb5e6e4be1035da4ff7a369bd6d8",
  "README.md:zh": "a3723d0b41ade41a1e45f1f1a6cb474edb58cb5e6e4be1035da4ff7a369bd6d8"
}
